
Microsoft Visual Studio Solution File, Format Version 12.00
# Visual Studio Version 17
VisualStudioVersion = 17.8.34511.84
MinimumVisualStudioVersion = 10.0.40219.1
Project("{FAE04EC0-301F-11D3-BF4B-00C04F79EFBC}") = "NotificationCenterTemplateAPI", "NotificationCenterTemplateAPI.csproj", "{CA126EC6-F1BF-4D77-872B-84255CB90BC2}"
EndProject
Global
	GlobalSection(SolutionConfigurationPlatforms) = preSolution
		Debug|Any CPU = Debug|Any CPU
		Release|Any CPU = Release|Any CPU
	EndGlobalSection
	GlobalSection(ProjectConfigurationPlatforms) = postSolution
		{CA126EC6-F1BF-4D77-872B-84255CB90BC2}.Debug|Any CPU.ActiveCfg = Debug|Any CPU
		{CA126EC6-F1BF-4D77-872B-84255CB90BC2}.Debug|Any CPU.Build.0 = Debug|Any CPU
		{CA126EC6-F1BF-4D77-872B-84255CB90BC2}.Release|Any CPU.ActiveCfg = Release|Any CPU
		{CA126EC6-F1BF-4D77-872B-84255CB90BC2}.Release|Any CPU.Build.0 = Release|Any CPU
	EndGlobalSection
	GlobalSection(SolutionProperties) = preSolution
		HideSolutionNode = FALSE
	EndGlobalSection
	GlobalSection(ExtensibilityGlobals) = postSolution
		SolutionGuid = {90B3B0BD-7682-4EDE-89D0-2D9ECEE6DC69}
	EndGlobalSection
EndGlobal
